// !$*UTF8*$!
{
	archiveVersion = 1;
	classes = {
	};
	objectVersion = 77;
	objects = {

/* Begin PBXBuildFile section */
		8FB02115A03D779BD3DEC4C4 /* Sparkle in Frameworks */ = {isa = PBXBuildFile; productRef = 1705DE2B04996E1225BDAE3D /* Sparkle */; };
/* End PBXBuildFile section */

/* Begin PBXContainerItemProxy section */
		2CDDFE332E9D39F700D608A2 /* PBXContainerItemProxy */ = {
			isa = PBXContainerItemProxy;
			containerPortal = 2CDDFE162E9D39F600D608A2 /* Project object */;
			proxyType = 1;
			remoteGlobalIDString = 2CDDFE1D2E9D39F600D608A2;
			remoteInfo = sparky;
		};
		2CDDFE3D2E9D39F700D608A2 /* PBXContainerItemProxy */ = {
			isa = PBXContainerItemProxy;
			containerPortal = 2CDDFE162E9D39F600D608A2 /* Project object */;
			proxyType = 1;
			remoteGlobalIDString = 2CDDFE1D2E9D39F600D608A2;
			remoteInfo = sparky;
		};
/* End PBXContainerItemProxy section */

/* Begin PBXFileReference section */
		2CDDFE1E2E9D39F600D608A2 /* sparky.app */ = {isa = PBXFileReference; explicitFileType = wrapper.application; includeInIndex = 0; path = sparky.app; sourceTree = BUILT_PRODUCTS_DIR; };
		2CDDFE322E9D39F700D608A2 /* sparkyTests.xctest */ = {isa = PBXFileReference; explicitFileType = wrapper.cfbundle; includeInIndex = 0; path = sparkyTests.xctest; sourceTree = BUILT_PRODUCTS_DIR; };
		2CDDFE3C2E9D39F700D608A2 /* sparkyUITests.xctest */ = {isa = PBXFileReference; explicitFileType = wrapper.cfbundle; includeInIndex = 0; path = sparkyUITests.xctest; sourceTree = BUILT_PRODUCTS_DIR; };
		A11DFE1E2E9D39F700D608A2 /* sparkyMac.app */ = {isa = PBXFileReference; explicitFileType = wrapper.application; includeInIndex = 0; path = sparkyMac.app; sourceTree = BUILT_PRODUCTS_DIR; };
/* End PBXFileReference section */

/* Begin PBXFileSystemSynchronizedBuildFileExceptionSet section */
		A11DFE502E9D39F700D608A2 /* Exceptions for "sparky" folder in "sparkyMac" target */ = {
			isa = PBXFileSystemSynchronizedBuildFileExceptionSet;
			membershipExceptions = (
				ContentView.swift,
				sparkyApp.swift,
				Views/Shared/CustomTabBar.swift,
				Views/Memories/Editor/Components/MemoryEditorCameraCaptureView.swift,
				Views/Memories/Editor/QuickMemorySheet.swift,
			);
			target = A11DFE1D2E9D39F700D608A2 /* sparkyMac */;
		};
		A11DFE512E9D39F700D608A2 /* Exceptions for "sparkyMac" folder in "sparkyMac" target */ = {
			isa = PBXFileSystemSynchronizedBuildFileExceptionSet;
			membershipExceptions = (
				Info.plist,
				sparkyMac.entitlements,
			);
			target = A11DFE1D2E9D39F700D608A2 /* sparkyMac */;
		};
/* End PBXFileSystemSynchronizedBuildFileExceptionSet section */

/* Begin PBXFileSystemSynchronizedRootGroup section */
		2CDDFE202E9D39F600D608A2 /* sparky */ = {
			isa = PBXFileSystemSynchronizedRootGroup;
			exceptions = (
				A11DFE502E9D39F700D608A2 /* Exceptions for "sparky" folder in "sparkyMac" target */,
			);
			path = sparky;
			sourceTree = "<group>";
		};
		2CDDFE352E9D39F700D608A2 /* sparkyTests */ = {
			isa = PBXFileSystemSynchronizedRootGroup;
			exceptions = (
			);
			path = sparkyTests;
			sourceTree = "<group>";
		};
		2CDDFE3F2E9D39F700D608A2 /* sparkyUITests */ = {
			isa = PBXFileSystemSynchronizedRootGroup;
			exceptions = (
			);
			path = sparkyUITests;
			sourceTree = "<group>";
		};
		A11DFE202E9D39F700D608A2 /* sparkyMac */ = {
			isa = PBXFileSystemSynchronizedRootGroup;
			exceptions = (
				A11DFE512E9D39F700D608A2 /* Exceptions for "sparkyMac" folder in "sparkyMac" target */,
			);
			path = sparkyMac;
			sourceTree = "<group>";
		};
/* End PBXFileSystemSynchronizedRootGroup section */

/* Begin PBXFrameworksBuildPhase section */
		2CDDFE1B2E9D39F600D608A2 /* Frameworks */ = {
			isa = PBXFrameworksBuildPhase;
			buildActionMask = 2147483647;
			files = (
			);
			runOnlyForDeploymentPostprocessing = 0;
		};
		2CDDFE2F2E9D39F700D608A2 /* Frameworks */ = {
			isa = PBXFrameworksBuildPhase;
			buildActionMask = 2147483647;
			files = (
			);
			runOnlyForDeploymentPostprocessing = 0;
		};
		2CDDFE392E9D39F700D608A2 /* Frameworks */ = {
			isa = PBXFrameworksBuildPhase;
			buildActionMask = 2147483647;
			files = (
			);
			runOnlyForDeploymentPostprocessing = 0;
		};
		A11DFE1B2E9D39F700D608A2 /* Frameworks */ = {
			isa = PBXFrameworksBuildPhase;
			buildActionMask = 2147483647;
			files = (
				8FB02115A03D779BD3DEC4C4 /* Sparkle in Frameworks */,
			);
			runOnlyForDeploymentPostprocessing = 0;
		};
/* End PBXFrameworksBuildPhase section */

/* Begin PBXGroup section */
		2CDDFE152E9D39F600D608A2 = {
			isa = PBXGroup;
			children = (
				2CDDFE202E9D39F600D608A2 /* sparky */,
				A11DFE202E9D39F700D608A2 /* sparkyMac */,
				2CDDFE352E9D39F700D608A2 /* sparkyTests */,
				2CDDFE3F2E9D39F700D608A2 /* sparkyUITests */,
				2CDDFE1F2E9D39F600D608A2 /* Products */,
			);
			sourceTree = "<group>";
		};
		2CDDFE1F2E9D39F600D608A2 /* Products */ = {
			isa = PBXGroup;
			children = (
				2CDDFE1E2E9D39F600D608A2 /* sparky.app */,
				A11DFE1E2E9D39F700D608A2 /* sparkyMac.app */,
				2CDDFE322E9D39F700D608A2 /* sparkyTests.xctest */,
				2CDDFE3C2E9D39F700D608A2 /* sparkyUITests.xctest */,
			);
			name = Products;
			sourceTree = "<group>";
		};
/* End PBXGroup section */

/* Begin PBXNativeTarget section */
		2CDDFE1D2E9D39F600D608A2 /* sparky */ = {
			isa = PBXNativeTarget;
			buildConfigurationList = 2CDDFE452E9D39F700D608A2 /* Build configuration list for PBXNativeTarget "sparky" */;
			buildPhases = (
				2CDDFE1A2E9D39F600D608A2 /* Sources */,
				2CDDFE1B2E9D39F600D608A2 /* Frameworks */,
				2CDDFE1C2E9D39F600D608A2 /* Resources */,
			);
			buildRules = (
			);
			dependencies = (
			);
			fileSystemSynchronizedGroups = (
				2CDDFE202E9D39F600D608A2 /* sparky */,
			);
			name = sparky;
			productName = sparky;
			productReference = 2CDDFE1E2E9D39F600D608A2 /* sparky.app */;
			productType = "com.apple.product-type.application";
		};
		2CDDFE312E9D39F700D608A2 /* sparkyTests */ = {
			isa = PBXNativeTarget;
			buildConfigurationList = 2CDDFE4A2E9D39F700D608A2 /* Build configuration list for PBXNativeTarget "sparkyTests" */;
			buildPhases = (
				2CDDFE2E2E9D39F700D608A2 /* Sources */,
				2CDDFE2F2E9D39F700D608A2 /* Frameworks */,
				2CDDFE302E9D39F700D608A2 /* Resources */,
			);
			buildRules = (
			);
			dependencies = (
				2CDDFE342E9D39F700D608A2 /* PBXTargetDependency */,
			);
			fileSystemSynchronizedGroups = (
				2CDDFE352E9D39F700D608A2 /* sparkyTests */,
			);
			name = sparkyTests;
			productName = sparkyTests;
			productReference = 2CDDFE322E9D39F700D608A2 /* sparkyTests.xctest */;
			productType = "com.apple.product-type.bundle.unit-test";
		};
		2CDDFE3B2E9D39F700D608A2 /* sparkyUITests */ = {
			isa = PBXNativeTarget;
			buildConfigurationList = 2CDDFE4D2E9D39F700D608A2 /* Build configuration list for PBXNativeTarget "sparkyUITests" */;
			buildPhases = (
				2CDDFE382E9D39F700D608A2 /* Sources */,
				2CDDFE392E9D39F700D608A2 /* Frameworks */,
				2CDDFE3A2E9D39F700D608A2 /* Resources */,
			);
			buildRules = (
			);
			dependencies = (
				2CDDFE3E2E9D39F700D608A2 /* PBXTargetDependency */,
			);
			fileSystemSynchronizedGroups = (
				2CDDFE3F2E9D39F700D608A2 /* sparkyUITests */,
			);
			name = sparkyUITests;
			productName = sparkyUITests;
			productReference = 2CDDFE3C2E9D39F700D608A2 /* sparkyUITests.xctest */;
			productType = "com.apple.product-type.bundle.ui-testing";
		};
		A11DFE1D2E9D39F700D608A2 /* sparkyMac */ = {
			isa = PBXNativeTarget;
			buildConfigurationList = A11DFE452E9D39F700D608A2 /* Build configuration list for PBXNativeTarget "sparkyMac" */;
			buildPhases = (
				A11DFE1A2E9D39F700D608A2 /* Sources */,
				A11DFE1B2E9D39F700D608A2 /* Frameworks */,
				A11DFE1C2E9D39F700D608A2 /* Resources */,
			);
			buildRules = (
			);
			dependencies = (
			);
			fileSystemSynchronizedGroups = (
				2CDDFE202E9D39F600D608A2 /* sparky */,
				A11DFE202E9D39F700D608A2 /* sparkyMac */,
			);
			name = sparkyMac;
			packageProductDependencies = (
				1705DE2B04996E1225BDAE3D /* Sparkle */,
			);
			productName = sparkyMac;
			productReference = A11DFE1E2E9D39F700D608A2 /* sparkyMac.app */;
			productType = "com.apple.product-type.application";
		};
/* End PBXNativeTarget section */

/* Begin PBXProject section */
		2CDDFE162E9D39F600D608A2 /* Project object */ = {
			isa = PBXProject;
			attributes = {
				BuildIndependentTargetsInParallel = 1;
				LastSwiftUpdateCheck = 2600;
				LastUpgradeCheck = 2610;
				TargetAttributes = {
					2CDDFE1D2E9D39F600D608A2 = {
						CreatedOnToolsVersion = 26.0.1;
					};
					2CDDFE312E9D39F700D608A2 = {
						CreatedOnToolsVersion = 26.0.1;
						TestTargetID = 2CDDFE1D2E9D39F600D608A2;
					};
					2CDDFE3B2E9D39F700D608A2 = {
						CreatedOnToolsVersion = 26.0.1;
						TestTargetID = 2CDDFE1D2E9D39F600D608A2;
					};
					A11DFE1D2E9D39F700D608A2 = {
						CreatedOnToolsVersion = 26.0.1;
					};
				};
			};
			buildConfigurationList = 2CDDFE192E9D39F600D608A2 /* Build configuration list for PBXProject "sparky" */;
			developmentRegion = en;
			hasScannedForEncodings = 0;
			knownRegions = (
				en,
				Base,
			);
			mainGroup = 2CDDFE152E9D39F600D608A2;
			minimizedProjectReferenceProxies = 1;
			packageReferences = (
				A3AA73087E6BDD851AC78BE0 /* XCRemoteSwiftPackageReference "Sparkle" */,
			);
			preferredProjectObjectVersion = 77;
			productRefGroup = 2CDDFE1F2E9D39F600D608A2 /* Products */;
			projectDirPath = "";
			projectRoot = "";
			targets = (
				2CDDFE1D2E9D39F600D608A2 /* sparky */,
				A11DFE1D2E9D39F700D608A2 /* sparkyMac */,
				2CDDFE312E9D39F700D608A2 /* sparkyTests */,
				2CDDFE3B2E9D39F700D608A2 /* sparkyUITests */,
			);
		};
/* End PBXProject section */

/* Begin PBXResourcesBuildPhase section */
		2CDDFE1C2E9D39F600D608A2 /* Resources */ = {
			isa = PBXResourcesBuildPhase;
			buildActionMask = 2147483647;
			files = (
			);
			runOnlyForDeploymentPostprocessing = 0;
		};
		2CDDFE302E9D39F700D608A2 /* Resources */ = {
			isa = PBXResourcesBuildPhase;
			buildActionMask = 2147483647;
			files = (
			);
			runOnlyForDeploymentPostprocessing = 0;
		};
		2CDDFE3A2E9D39F700D608A2 /* Resources */ = {
			isa = PBXResourcesBuildPhase;
			buildActionMask = 2147483647;
			files = (
			);
			runOnlyForDeploymentPostprocessing = 0;
		};
		A11DFE1C2E9D39F700D608A2 /* Resources */ = {
			isa = PBXResourcesBuildPhase;
			buildActionMask = 2147483647;
			files = (
			);
			runOnlyForDeploymentPostprocessing = 0;
		};
/* End PBXResourcesBuildPhase section */

/* Begin PBXSourcesBuildPhase section */
		2CDDFE1A2E9D39F600D608A2 /* Sources */ = {
			isa = PBXSourcesBuildPhase;
			buildActionMask = 2147483647;
			files = (
			);
			runOnlyForDeploymentPostprocessing = 0;
		};
		2CDDFE2E2E9D39F700D608A2 /* Sources */ = {
			isa = PBXSourcesBuildPhase;
			buildActionMask = 2147483647;
			files = (
			);
			runOnlyForDeploymentPostprocessing = 0;
		};
		2CDDFE382E9D39F700D608A2 /* Sources */ = {
			isa = PBXSourcesBuildPhase;
			buildActionMask = 2147483647;
			files = (
			);
			runOnlyForDeploymentPostprocessing = 0;
		};
		A11DFE1A2E9D39F700D608A2 /* Sources */ = {
			isa = PBXSourcesBuildPhase;
			buildActionMask = 2147483647;
			files = (
			);
			runOnlyForDeploymentPostprocessing = 0;
		};
/* End PBXSourcesBuildPhase section */

/* Begin PBXTargetDependency section */
		2CDDFE342E9D39F700D608A2 /* PBXTargetDependency */ = {
			isa = PBXTargetDependency;
			target = 2CDDFE1D2E9D39F600D608A2 /* sparky */;
			targetProxy = 2CDDFE332E9D39F700D608A2 /* PBXContainerItemProxy */;
		};
		2CDDFE3E2E9D39F700D608A2 /* PBXTargetDependency */ = {
			isa = PBXTargetDependency;
			target = 2CDDFE1D2E9D39F600D608A2 /* sparky */;
			targetProxy = 2CDDFE3D2E9D39F700D608A2 /* PBXContainerItemProxy */;
		};
/* End PBXTargetDependency section */

/* Begin XCBuildConfiguration section */
		2CDDFE462E9D39F700D608A2 /* Debug */ = {
			isa = XCBuildConfiguration;
			buildSettings = {
				ASSETCATALOG_COMPILER_ALTERNATE_APPICON_NAMES = "AppIcon-box AppIcon-think";
				ASSETCATALOG_COMPILER_APPICON_NAME = AppIcon;
				ASSETCATALOG_COMPILER_GLOBAL_ACCENT_COLOR_NAME = AccentColor;
				ASSETCATALOG_COMPILER_INCLUDE_ALL_APPICON_ASSETS = YES;
				CODE_SIGN_ENTITLEMENTS = sparky/sparky.entitlements;
				CODE_SIGN_STYLE = Automatic;
				CURRENT_PROJECT_VERSION = 1;
				DEVELOPMENT_TEAM = VCF3DS6BTV;
				ENABLE_PREVIEWS = YES;
				GENERATE_INFOPLIST_FILE = YES;
				INFOPLIST_KEY_CFBundleDisplayName = sparky;
				INFOPLIST_KEY_NSCameraUsageDescription = "Sparky needs camera access so you can take photos and attach them to your memories.";
				INFOPLIST_KEY_NSLocationAlwaysAndWhenInUseUsageDescription = "Sparky uses your location to trigger reminders when you arrive at or leave a place.";
				INFOPLIST_KEY_NSLocationWhenInUseUsageDescription = "Sparky uses your location to trigger reminders when you arrive at or leave a place.";
				INFOPLIST_KEY_NSMicrophoneUsageDescription = "Sparky needs microphone access so you can record audio notes for your memories.";
				INFOPLIST_KEY_NSPhotoLibraryUsageDescription = "Sparky needs photo library access so you can attach images to your memories.";
				INFOPLIST_KEY_UIApplicationSceneManifest_Generation = YES;
				INFOPLIST_KEY_UIApplicationSupportsIndirectInputEvents = YES;
				INFOPLIST_KEY_UIBackgroundModes = location;
				INFOPLIST_KEY_UILaunchScreen_Generation = YES;
				INFOPLIST_KEY_UISupportedInterfaceOrientations_iPad = "UIInterfaceOrientationPortrait UIInterfaceOrientationPortraitUpsideDown UIInterfaceOrientationLandscapeLeft UIInterfaceOrientationLandscapeRight";
				INFOPLIST_KEY_UISupportedInterfaceOrientations_iPhone = "UIInterfaceOrientationPortrait UIInterfaceOrientationLandscapeLeft UIInterfaceOrientationLandscapeRight";
				LD_RUNPATH_SEARCH_PATHS = (
					"$(inherited)",
					"@executable_path/Frameworks",
				);
				MARKETING_VERSION = 1.0;
				PRODUCT_BUNDLE_IDENTIFIER = polterware.sparky;
				PRODUCT_NAME = "$(TARGET_NAME)";
				STRING_CATALOG_GENERATE_SYMBOLS = YES;
				SWIFT_APPROACHABLE_CONCURRENCY = YES;
				SWIFT_DEFAULT_ACTOR_ISOLATION = MainActor;
				SWIFT_EMIT_LOC_STRINGS = YES;
				SWIFT_UPCOMING_FEATURE_MEMBER_IMPORT_VISIBILITY = YES;
				SWIFT_VERSION = 5.0;
				TARGETED_DEVICE_FAMILY = "1,2";
			};
			name = Debug;
		};
		2CDDFE472E9D39F700D608A2 /* Release */ = {
			isa = XCBuildConfiguration;
			buildSettings = {
				ASSETCATALOG_COMPILER_ALTERNATE_APPICON_NAMES = "AppIcon-box AppIcon-think";
				ASSETCATALOG_COMPILER_APPICON_NAME = AppIcon;
				ASSETCATALOG_COMPILER_GLOBAL_ACCENT_COLOR_NAME = AccentColor;
				ASSETCATALOG_COMPILER_INCLUDE_ALL_APPICON_ASSETS = YES;
				CODE_SIGN_ENTITLEMENTS = sparky/sparky.entitlements;
				CODE_SIGN_STYLE = Automatic;
				CURRENT_PROJECT_VERSION = 1;
				DEVELOPMENT_TEAM = VCF3DS6BTV;
				ENABLE_PREVIEWS = YES;
				GENERATE_INFOPLIST_FILE = YES;
				INFOPLIST_KEY_CFBundleDisplayName = sparky;
				INFOPLIST_KEY_NSCameraUsageDescription = "Sparky needs camera access so you can take photos and attach them to your memories.";
				INFOPLIST_KEY_NSLocationAlwaysAndWhenInUseUsageDescription = "Sparky uses your location to trigger reminders when you arrive at or leave a place.";
				INFOPLIST_KEY_NSLocationWhenInUseUsageDescription = "Sparky uses your location to trigger reminders when you arrive at or leave a place.";
				INFOPLIST_KEY_NSMicrophoneUsageDescription = "Sparky needs microphone access so you can record audio notes for your memories.";
				INFOPLIST_KEY_NSPhotoLibraryUsageDescription = "Sparky needs photo library access so you can attach images to your memories.";
				INFOPLIST_KEY_UIApplicationSceneManifest_Generation = YES;
				INFOPLIST_KEY_UIApplicationSupportsIndirectInputEvents = YES;
				INFOPLIST_KEY_UIBackgroundModes = location;
				INFOPLIST_KEY_UILaunchScreen_Generation = YES;
				INFOPLIST_KEY_UISupportedInterfaceOrientations_iPad = "UIInterfaceOrientationPortrait UIInterfaceOrientationPortraitUpsideDown UIInterfaceOrientationLandscapeLeft UIInterfaceOrientationLandscapeRight";
				INFOPLIST_KEY_UISupportedInterfaceOrientations_iPhone = "UIInterfaceOrientationPortrait UIInterfaceOrientationLandscapeLeft UIInterfaceOrientationLandscapeRight";
				LD_RUNPATH_SEARCH_PATHS = (
					"$(inherited)",
					"@executable_path/Frameworks",
				);
				MARKETING_VERSION = 1.0;
				PRODUCT_BUNDLE_IDENTIFIER = polterware.sparky;
				PRODUCT_NAME = "$(TARGET_NAME)";
				STRING_CATALOG_GENERATE_SYMBOLS = YES;
				SWIFT_APPROACHABLE_CONCURRENCY = YES;
				SWIFT_DEFAULT_ACTOR_ISOLATION = MainActor;
				SWIFT_EMIT_LOC_STRINGS = YES;
				SWIFT_UPCOMING_FEATURE_MEMBER_IMPORT_VISIBILITY = YES;
				SWIFT_VERSION = 5.0;
				TARGETED_DEVICE_FAMILY = "1,2";
			};
			name = Release;
		};
		2CDDFE482E9D39F700D608A2 /* Debug */ = {
			isa = XCBuildConfiguration;
			buildSettings = {
				ALWAYS_SEARCH_USER_PATHS = NO;
				ASSETCATALOG_COMPILER_GENERATE_SWIFT_ASSET_SYMBOL_EXTENSIONS = YES;
				CLANG_ANALYZER_NONNULL = YES;
				CLANG_ANALYZER_NUMBER_OBJECT_CONVERSION = YES_AGGRESSIVE;
				CLANG_CXX_LANGUAGE_STANDARD = "gnu++20";
				CLANG_ENABLE_MODULES = YES;
				CLANG_ENABLE_OBJC_ARC = YES;
				CLANG_ENABLE_OBJC_WEAK = YES;
				CLANG_WARN_BLOCK_CAPTURE_AUTORELEASING = YES;
				CLANG_WARN_BOOL_CONVERSION = YES;
				CLANG_WARN_COMMA = YES;
				CLANG_WARN_CONSTANT_CONVERSION = YES;
				CLANG_WARN_DEPRECATED_OBJC_IMPLEMENTATIONS = YES;
				CLANG_WARN_DIRECT_OBJC_ISA_USAGE = YES_ERROR;
				CLANG_WARN_DOCUMENTATION_COMMENTS = YES;
				CLANG_WARN_EMPTY_BODY = YES;
				CLANG_WARN_ENUM_CONVERSION = YES;
				CLANG_WARN_INFINITE_RECURSION = YES;
				CLANG_WARN_INT_CONVERSION = YES;
				CLANG_WARN_NON_LITERAL_NULL_CONVERSION = YES;
				CLANG_WARN_OBJC_IMPLICIT_RETAIN_SELF = YES;
				CLANG_WARN_OBJC_LITERAL_CONVERSION = YES;
				CLANG_WARN_OBJC_ROOT_CLASS = YES_ERROR;
				CLANG_WARN_QUOTED_INCLUDE_IN_FRAMEWORK_HEADER = YES;
				CLANG_WARN_RANGE_LOOP_ANALYSIS = YES;
				CLANG_WARN_STRICT_PROTOTYPES = YES;
				CLANG_WARN_SUSPICIOUS_MOVE = YES;
				CLANG_WARN_UNGUARDED_AVAILABILITY = YES_AGGRESSIVE;
				CLANG_WARN_UNREACHABLE_CODE = YES;
				CLANG_WARN__DUPLICATE_METHOD_MATCH = YES;
				COPY_PHASE_STRIP = NO;
				DEBUG_INFORMATION_FORMAT = dwarf;
				DEVELOPMENT_TEAM = VCF3DS6BTV;
				ENABLE_STRICT_OBJC_MSGSEND = YES;
				ENABLE_TESTABILITY = YES;
				ENABLE_USER_SCRIPT_SANDBOXING = YES;
				GCC_C_LANGUAGE_STANDARD = gnu17;
				GCC_DYNAMIC_NO_PIC = NO;
				GCC_NO_COMMON_BLOCKS = YES;
				GCC_OPTIMIZATION_LEVEL = 0;
				GCC_PREPROCESSOR_DEFINITIONS = (
					"DEBUG=1",
					"$(inherited)",
				);
				GCC_WARN_64_TO_32_BIT_CONVERSION = YES;
				GCC_WARN_ABOUT_RETURN_TYPE = YES_ERROR;
				GCC_WARN_UNDECLARED_SELECTOR = YES;
				GCC_WARN_UNINITIALIZED_AUTOS = YES_AGGRESSIVE;
				GCC_WARN_UNUSED_FUNCTION = YES;
				GCC_WARN_UNUSED_VARIABLE = YES;
				IPHONEOS_DEPLOYMENT_TARGET = 26.0;
				LOCALIZATION_PREFERS_STRING_CATALOGS = YES;
				MTL_ENABLE_DEBUG_INFO = INCLUDE_SOURCE;
				MTL_FAST_MATH = YES;
				ONLY_ACTIVE_ARCH = YES;
				SDKROOT = iphoneos;
				STRING_CATALOG_GENERATE_SYMBOLS = YES;
				SWIFT_ACTIVE_COMPILATION_CONDITIONS = "DEBUG $(inherited)";
				SWIFT_OPTIMIZATION_LEVEL = "-Onone";
			};
			name = Debug;
		};
		2CDDFE492E9D39F700D608A2 /* Release */ = {
			isa = XCBuildConfiguration;
			buildSettings = {
				ALWAYS_SEARCH_USER_PATHS = NO;
				ASSETCATALOG_COMPILER_GENERATE_SWIFT_ASSET_SYMBOL_EXTENSIONS = YES;
				CLANG_ANALYZER_NONNULL = YES;
				CLANG_ANALYZER_NUMBER_OBJECT_CONVERSION = YES_AGGRESSIVE;
				CLANG_CXX_LANGUAGE_STANDARD = "gnu++20";
				CLANG_ENABLE_MODULES = YES;
				CLANG_ENABLE_OBJC_ARC = YES;
				CLANG_ENABLE_OBJC_WEAK = YES;
				CLANG_WARN_BLOCK_CAPTURE_AUTORELEASING = YES;
				CLANG_WARN_BOOL_CONVERSION = YES;
				CLANG_WARN_COMMA = YES;
				CLANG_WARN_CONSTANT_CONVERSION = YES;
				CLANG_WARN_DEPRECATED_OBJC_IMPLEMENTATIONS = YES;
				CLANG_WARN_DIRECT_OBJC_ISA_USAGE = YES_ERROR;
				CLANG_WARN_DOCUMENTATION_COMMENTS = YES;
				CLANG_WARN_EMPTY_BODY = YES;
				CLANG_WARN_ENUM_CONVERSION = YES;
				CLANG_WARN_INFINITE_RECURSION = YES;
				CLANG_WARN_INT_CONVERSION = YES;
				CLANG_WARN_NON_LITERAL_NULL_CONVERSION = YES;
				CLANG_WARN_OBJC_IMPLICIT_RETAIN_SELF = YES;
				CLANG_WARN_OBJC_LITERAL_CONVERSION = YES;
				CLANG_WARN_OBJC_ROOT_CLASS = YES_ERROR;
				CLANG_WARN_QUOTED_INCLUDE_IN_FRAMEWORK_HEADER = YES;
				CLANG_WARN_RANGE_LOOP_ANALYSIS = YES;
				CLANG_WARN_STRICT_PROTOTYPES = YES;
				CLANG_WARN_SUSPICIOUS_MOVE = YES;
				CLANG_WARN_UNGUARDED_AVAILABILITY = YES_AGGRESSIVE;
				CLANG_WARN_UNREACHABLE_CODE = YES;
				CLANG_WARN__DUPLICATE_METHOD_MATCH = YES;
				COPY_PHASE_STRIP = NO;
				DEBUG_INFORMATION_FORMAT = "dwarf-with-dsym";
				DEVELOPMENT_TEAM = VCF3DS6BTV;
				ENABLE_NS_ASSERTIONS = NO;
				ENABLE_STRICT_OBJC_MSGSEND = YES;
				ENABLE_USER_SCRIPT_SANDBOXING = YES;
				GCC_C_LANGUAGE_STANDARD = gnu17;
				GCC_NO_COMMON_BLOCKS = YES;
				GCC_WARN_64_TO_32_BIT_CONVERSION = YES;
				GCC_WARN_ABOUT_RETURN_TYPE = YES_ERROR;
				GCC_WARN_UNDECLARED_SELECTOR = YES;
				GCC_WARN_UNINITIALIZED_AUTOS = YES_AGGRESSIVE;
				GCC_WARN_UNUSED_FUNCTION = YES;
				GCC_WARN_UNUSED_VARIABLE = YES;
				IPHONEOS_DEPLOYMENT_TARGET = 26.0;
				LOCALIZATION_PREFERS_STRING_CATALOGS = YES;
				MTL_ENABLE_DEBUG_INFO = NO;
				MTL_FAST_MATH = YES;
				SDKROOT = iphoneos;
				STRING_CATALOG_GENERATE_SYMBOLS = YES;
				SWIFT_COMPILATION_MODE = wholemodule;
				VALIDATE_PRODUCT = YES;
			};
			name = Release;
		};
		2CDDFE4B2E9D39F700D608A2 /* Debug */ = {
			isa = XCBuildConfiguration;
			buildSettings = {
				BUNDLE_LOADER = "$(TEST_HOST)";
				CODE_SIGN_STYLE = Automatic;
				CURRENT_PROJECT_VERSION = 1;
				DEVELOPMENT_TEAM = VCF3DS6BTV;
				GENERATE_INFOPLIST_FILE = YES;
				IPHONEOS_DEPLOYMENT_TARGET = 26.0;
				MARKETING_VERSION = 1.0;
				PRODUCT_BUNDLE_IDENTIFIER = polterware.sparkyTests;
				PRODUCT_NAME = "$(TARGET_NAME)";
				STRING_CATALOG_GENERATE_SYMBOLS = NO;
				SWIFT_APPROACHABLE_CONCURRENCY = YES;
				SWIFT_EMIT_LOC_STRINGS = NO;
				SWIFT_UPCOMING_FEATURE_MEMBER_IMPORT_VISIBILITY = YES;
				SWIFT_VERSION = 5.0;
				TARGETED_DEVICE_FAMILY = "1,2";
				TEST_HOST = "$(BUILT_PRODUCTS_DIR)/sparky.app/$(BUNDLE_EXECUTABLE_FOLDER_PATH)/sparky";
			};
			name = Debug;
		};
		2CDDFE4C2E9D39F700D608A2 /* Release */ = {
			isa = XCBuildConfiguration;
			buildSettings = {
				BUNDLE_LOADER = "$(TEST_HOST)";
				CODE_SIGN_STYLE = Automatic;
				CURRENT_PROJECT_VERSION = 1;
				DEVELOPMENT_TEAM = VCF3DS6BTV;
				GENERATE_INFOPLIST_FILE = YES;
				IPHONEOS_DEPLOYMENT_TARGET = 26.0;
				MARKETING_VERSION = 1.0;
				PRODUCT_BUNDLE_IDENTIFIER = polterware.sparkyTests;
				PRODUCT_NAME = "$(TARGET_NAME)";
				STRING_CATALOG_GENERATE_SYMBOLS = NO;
				SWIFT_APPROACHABLE_CONCURRENCY = YES;
				SWIFT_EMIT_LOC_STRINGS = NO;
				SWIFT_UPCOMING_FEATURE_MEMBER_IMPORT_VISIBILITY = YES;
				SWIFT_VERSION = 5.0;
				TARGETED_DEVICE_FAMILY = "1,2";
				TEST_HOST = "$(BUILT_PRODUCTS_DIR)/sparky.app/$(BUNDLE_EXECUTABLE_FOLDER_PATH)/sparky";
			};
			name = Release;
		};
		2CDDFE4E2E9D39F700D608A2 /* Debug */ = {
			isa = XCBuildConfiguration;
			buildSettings = {
				CODE_SIGN_STYLE = Automatic;
				CURRENT_PROJECT_VERSION = 1;
				DEVELOPMENT_TEAM = VCF3DS6BTV;
				GENERATE_INFOPLIST_FILE = YES;
				MARKETING_VERSION = 1.0;
				PRODUCT_BUNDLE_IDENTIFIER = polterware.sparkyUITests;
				PRODUCT_NAME = "$(TARGET_NAME)";
				STRING_CATALOG_GENERATE_SYMBOLS = NO;
				SWIFT_APPROACHABLE_CONCURRENCY = YES;
				SWIFT_EMIT_LOC_STRINGS = NO;
				SWIFT_UPCOMING_FEATURE_MEMBER_IMPORT_VISIBILITY = YES;
				SWIFT_VERSION = 5.0;
				TARGETED_DEVICE_FAMILY = "1,2";
				TEST_TARGET_NAME = sparky;
			};
			name = Debug;
		};
		2CDDFE4F2E9D39F700D608A2 /* Release */ = {
			isa = XCBuildConfiguration;
			buildSettings = {
				CODE_SIGN_STYLE = Automatic;
				CURRENT_PROJECT_VERSION = 1;
				DEVELOPMENT_TEAM = VCF3DS6BTV;
				GENERATE_INFOPLIST_FILE = YES;
				MARKETING_VERSION = 1.0;
				PRODUCT_BUNDLE_IDENTIFIER = polterware.sparkyUITests;
				PRODUCT_NAME = "$(TARGET_NAME)";
				STRING_CATALOG_GENERATE_SYMBOLS = NO;
				SWIFT_APPROACHABLE_CONCURRENCY = YES;
				SWIFT_EMIT_LOC_STRINGS = NO;
				SWIFT_UPCOMING_FEATURE_MEMBER_IMPORT_VISIBILITY = YES;
				SWIFT_VERSION = 5.0;
				TARGETED_DEVICE_FAMILY = "1,2";
				TEST_TARGET_NAME = sparky;
			};
			name = Release;
		};
		A11DFE462E9D39F700D608A2 /* Debug */ = {
			isa = XCBuildConfiguration;
			buildSettings = {
				ASSETCATALOG_COMPILER_APPICON_NAME = AppIcon;
				ASSETCATALOG_COMPILER_GLOBAL_ACCENT_COLOR_NAME = AccentColor;
				CODE_SIGN_ENTITLEMENTS = sparkyMac/sparkyMac.entitlements;
				CODE_SIGN_STYLE = Automatic;
				COMBINE_HIDPI_IMAGES = YES;
				CURRENT_PROJECT_VERSION = 1;
				DEVELOPMENT_TEAM = VCF3DS6BTV;
				ENABLE_PREVIEWS = YES;
				GENERATE_INFOPLIST_FILE = NO;
				INFOPLIST_FILE = sparkyMac/Info.plist;
				LD_RUNPATH_SEARCH_PATHS = (
					"$(inherited)",
					"@executable_path/../Frameworks",
				);
				MACOSX_DEPLOYMENT_TARGET = 26.0;
				MARKETING_VERSION = 1.0;
				PRODUCT_BUNDLE_IDENTIFIER = polterware.sparky.mac;
				PRODUCT_NAME = "$(TARGET_NAME)";
				SDKROOT = macosx;
				STRING_CATALOG_GENERATE_SYMBOLS = YES;
				SWIFT_APPROACHABLE_CONCURRENCY = YES;
				SWIFT_DEFAULT_ACTOR_ISOLATION = MainActor;
				SWIFT_EMIT_LOC_STRINGS = YES;
				SWIFT_UPCOMING_FEATURE_MEMBER_IMPORT_VISIBILITY = YES;
				SWIFT_VERSION = 5.0;
			};
			name = Debug;
		};
		A11DFE472E9D39F700D608A2 /* Release */ = {
			isa = XCBuildConfiguration;
			buildSettings = {
				ASSETCATALOG_COMPILER_APPICON_NAME = AppIcon;
				ASSETCATALOG_COMPILER_GLOBAL_ACCENT_COLOR_NAME = AccentColor;
				CODE_SIGN_ENTITLEMENTS = sparkyMac/sparkyMac.entitlements;
				CODE_SIGN_STYLE = Automatic;
				COMBINE_HIDPI_IMAGES = YES;
				CURRENT_PROJECT_VERSION = 1;
				DEVELOPMENT_TEAM = VCF3DS6BTV;
				ENABLE_PREVIEWS = YES;
				GENERATE_INFOPLIST_FILE = NO;
				INFOPLIST_FILE = sparkyMac/Info.plist;
				LD_RUNPATH_SEARCH_PATHS = (
					"$(inherited)",
					"@executable_path/../Frameworks",
				);
				MACOSX_DEPLOYMENT_TARGET = 26.0;
				MARKETING_VERSION = 1.0;
				PRODUCT_BUNDLE_IDENTIFIER = polterware.sparky.mac;
				PRODUCT_NAME = "$(TARGET_NAME)";
				SDKROOT = macosx;
				STRING_CATALOG_GENERATE_SYMBOLS = YES;
				SWIFT_APPROACHABLE_CONCURRENCY = YES;
				SWIFT_DEFAULT_ACTOR_ISOLATION = MainActor;
				SWIFT_EMIT_LOC_STRINGS = YES;
				SWIFT_UPCOMING_FEATURE_MEMBER_IMPORT_VISIBILITY = YES;
				SWIFT_VERSION = 5.0;
			};
			name = Release;
		};
/* End XCBuildConfiguration section */

/* Begin XCConfigurationList section */
		2CDDFE192E9D39F600D608A2 /* Build configuration list for PBXProject "sparky" */ = {
			isa = XCConfigurationList;
			buildConfigurations = (
				2CDDFE482E9D39F700D608A2 /* Debug */,
				2CDDFE492E9D39F700D608A2 /* Release */,
			);
			defaultConfigurationIsVisible = 0;
			defaultConfigurationName = Release;
		};
		2CDDFE452E9D39F700D608A2 /* Build configuration list for PBXNativeTarget "sparky" */ = {
			isa = XCConfigurationList;
			buildConfigurations = (
				2CDDFE462E9D39F700D608A2 /* Debug */,
				2CDDFE472E9D39F700D608A2 /* Release */,
			);
			defaultConfigurationIsVisible = 0;
			defaultConfigurationName = Release;
		};
		2CDDFE4A2E9D39F700D608A2 /* Build configuration list for PBXNativeTarget "sparkyTests" */ = {
			isa = XCConfigurationList;
			buildConfigurations = (
				2CDDFE4B2E9D39F700D608A2 /* Debug */,
				2CDDFE4C2E9D39F700D608A2 /* Release */,
			);
			defaultConfigurationIsVisible = 0;
			defaultConfigurationName = Release;
		};
		2CDDFE4D2E9D39F700D608A2 /* Build configuration list for PBXNativeTarget "sparkyUITests" */ = {
			isa = XCConfigurationList;
			buildConfigurations = (
				2CDDFE4E2E9D39F700D608A2 /* Debug */,
				2CDDFE4F2E9D39F700D608A2 /* Release */,
			);
			defaultConfigurationIsVisible = 0;
			defaultConfigurationName = Release;
		};
		A11DFE452E9D39F700D608A2 /* Build configuration list for PBXNativeTarget "sparkyMac" */ = {
			isa = XCConfigurationList;
			buildConfigurations = (
				A11DFE462E9D39F700D608A2 /* Debug */,
				A11DFE472E9D39F700D608A2 /* Release */,
			);
			defaultConfigurationIsVisible = 0;
			defaultConfigurationName = Release;
		};
/* End XCConfigurationList section */

/* Begin XCRemoteSwiftPackageReference section */
		A3AA73087E6BDD851AC78BE0 /* XCRemoteSwiftPackageReference "Sparkle" */ = {
			isa = XCRemoteSwiftPackageReference;
			repositoryURL = "https://github.com/sparkle-project/Sparkle";
			requirement = {
				kind = upToNextMajorVersion;
				minimumVersion = 2.8.1;
			};
		};
/* End XCRemoteSwiftPackageReference section */

/* Begin XCSwiftPackageProductDependency section */
		1705DE2B04996E1225BDAE3D /* Sparkle */ = {
			isa = XCSwiftPackageProductDependency;
			package = A3AA73087E6BDD851AC78BE0 /* XCRemoteSwiftPackageReference "Sparkle" */;
			productName = Sparkle;
		};
/* End XCSwiftPackageProductDependency section */
	};
	rootObject = 2CDDFE162E9D39F600D608A2 /* Project object */;
}
